
Microsoft Visual Studio Solution File, Format Version 12.00
# Visual Studio Version 16
VisualStudioVersion = 16.0.30002.166
MinimumVisualStudioVersion = 15.0.26124.0
Project("{9A19103F-16F7-4668-BE54-9A1E7A4F7556}") = "PolicyServer.Admin.EntityFramework", "src\PolicyServer.Admin.EntityFramework\PolicyServer.Admin.EntityFramework.csproj", "{1FDFC8B7-D446-458F-AA00-AA4FA1FE4E0D}"
EndProject
Project("{9A19103F-16F7-4668-BE54-9A1E7A4F7556}") = "Host", "src\Host\Host.csproj", "{85FD5CCE-B649-4946-8828-3D243E3F4B25}"
EndProject
Project("{2150E333-8FDC-42A3-9474-1A3956D46DE8}") = "src", "src", "{171A5EAC-FE5F-48F9-9FF3-3659848A7DDE}"
EndProject
Project("{2150E333-8FDC-42A3-9474-1A3956D46DE8}") = "test", "test", "{498DD6AC-B876-4F12-8BA8-D5179AF8DC2D}"
EndProject
Project("{9A19103F-16F7-4668-BE54-9A1E7A4F7556}") = "PolicyServer.Admin.Tests", "test\PolicyServer.Admin.Tests\PolicyServer.Admin.Tests.csproj", "{6C202969-D423-46ED-B743-0C6283E7151F}"
EndProject
Project("{9A19103F-16F7-4668-BE54-9A1E7A4F7556}") = "PolicyServer.Admin", "src\PolicyServer.Admin\PolicyServer.Admin.csproj", "{5EBA63D3-F710-4077-BF2A-FFDA5404297A}"
EndProject
Project("{9A19103F-16F7-4668-BE54-9A1E7A4F7556}") = "PolicyServer.Admin.Client", "src\PolicyServer.Admin.Client\PolicyServer.Admin.Client.csproj", "{4402DFED-8C01-4023-B04A-A829B7F287AE}"
EndProject
Project("{9A19103F-16F7-4668-BE54-9A1E7A4F7556}") = "IdentityServer", "src\IdentityServer\IdentityServer.csproj", "{67E21945-7166-4FFC-8B31-159A8C4729F3}"
EndProject
Global
	GlobalSection(SolutionConfigurationPlatforms) = preSolution
		Debug|Any CPU = Debug|Any CPU
		Debug|x64 = Debug|x64
		Debug|x86 = Debug|x86
		Release|Any CPU = Release|Any CPU
		Release|x64 = Release|x64
		Release|x86 = Release|x86
	EndGlobalSection
	GlobalSection(ProjectConfigurationPlatforms) = postSolution
		{1FDFC8B7-D446-458F-AA00-AA4FA1FE4E0D}.Debug|Any CPU.ActiveCfg = Debug|Any CPU
		{1FDFC8B7-D446-458F-AA00-AA4FA1FE4E0D}.Debug|Any CPU.Build.0 = Debug|Any CPU
		{1FDFC8B7-D446-458F-AA00-AA4FA1FE4E0D}.Debug|x64.ActiveCfg = Debug|Any CPU
		{1FDFC8B7-D446-458F-AA00-AA4FA1FE4E0D}.Debug|x64.Build.0 = Debug|Any CPU
		{1FDFC8B7-D446-458F-AA00-AA4FA1FE4E0D}.Debug|x86.ActiveCfg = Debug|Any CPU
		{1FDFC8B7-D446-458F-AA00-AA4FA1FE4E0D}.Debug|x86.Build.0 = Debug|Any CPU
		{1FDFC8B7-D446-458F-AA00-AA4FA1FE4E0D}.Release|Any CPU.ActiveCfg = Release|Any CPU
		{1FDFC8B7-D446-458F-AA00-AA4FA1FE4E0D}.Release|Any CPU.Build.0 = Release|Any CPU
		{1FDFC8B7-D446-458F-AA00-AA4FA1FE4E0D}.Release|x64.ActiveCfg = Release|Any CPU
		{1FDFC8B7-D446-458F-AA00-AA4FA1FE4E0D}.Release|x64.Build.0 = Release|Any CPU
		{1FDFC8B7-D446-458F-AA00-AA4FA1FE4E0D}.Release|x86.ActiveCfg = Release|Any CPU
		{1FDFC8B7-D446-458F-AA00-AA4FA1FE4E0D}.Release|x86.Build.0 = Release|Any CPU
		{85FD5CCE-B649-4946-8828-3D243E3F4B25}.Debug|Any CPU.ActiveCfg = Debug|Any CPU
		{85FD5CCE-B649-4946-8828-3D243E3F4B25}.Debug|Any CPU.Build.0 = Debug|Any CPU
		{85FD5CCE-B649-4946-8828-3D243E3F4B25}.Debug|x64.ActiveCfg = Debug|Any CPU
		{85FD5CCE-B649-4946-8828-3D243E3F4B25}.Debug|x64.Build.0 = Debug|Any CPU
		{85FD5CCE-B649-4946-8828-3D243E3F4B25}.Debug|x86.ActiveCfg = Debug|Any CPU
		{85FD5CCE-B649-4946-8828-3D243E3F4B25}.Debug|x86.Build.0 = Debug|Any CPU
		{85FD5CCE-B649-4946-8828-3D243E3F4B25}.Release|Any CPU.ActiveCfg = Release|Any CPU
		{85FD5CCE-B649-4946-8828-3D243E3F4B25}.Release|Any CPU.Build.0 = Release|Any CPU
		{85FD5CCE-B649-4946-8828-3D243E3F4B25}.Release|x64.ActiveCfg = Release|Any CPU
		{85FD5CCE-B649-4946-8828-3D243E3F4B25}.Release|x64.Build.0 = Release|Any CPU
		{85FD5CCE-B649-4946-8828-3D243E3F4B25}.Release|x86.ActiveCfg = Release|Any CPU
		{85FD5CCE-B649-4946-8828-3D243E3F4B25}.Release|x86.Build.0 = Release|Any CPU
		{6C202969-D423-46ED-B743-0C6283E7151F}.Debug|Any CPU.ActiveCfg = Debug|Any CPU
		{6C202969-D423-46ED-B743-0C6283E7151F}.Debug|Any CPU.Build.0 = Debug|Any CPU
		{6C202969-D423-46ED-B743-0C6283E7151F}.Debug|x64.ActiveCfg = Debug|Any CPU
		{6C202969-D423-46ED-B743-0C6283E7151F}.Debug|x64.Build.0 = Debug|Any CPU
		{6C202969-D423-46ED-B743-0C6283E7151F}.Debug|x86.ActiveCfg = Debug|Any CPU
		{6C202969-D423-46ED-B743-0C6283E7151F}.Debug|x86.Build.0 = Debug|Any CPU
		{6C202969-D423-46ED-B743-0C6283E7151F}.Release|Any CPU.ActiveCfg = Release|Any CPU
		{6C202969-D423-46ED-B743-0C6283E7151F}.Release|Any CPU.Build.0 = Release|Any CPU
		{6C202969-D423-46ED-B743-0C6283E7151F}.Release|x64.ActiveCfg = Release|Any CPU
		{6C202969-D423-46ED-B743-0C6283E7151F}.Release|x64.Build.0 = Release|Any CPU
		{6C202969-D423-46ED-B743-0C6283E7151F}.Release|x86.ActiveCfg = Release|Any CPU
		{6C202969-D423-46ED-B743-0C6283E7151F}.Release|x86.Build.0 = Release|Any CPU
		{5EBA63D3-F710-4077-BF2A-FFDA5404297A}.Debug|Any CPU.ActiveCfg = Debug|Any CPU
		{5EBA63D3-F710-4077-BF2A-FFDA5404297A}.Debug|Any CPU.Build.0 = Debug|Any CPU
		{5EBA63D3-F710-4077-BF2A-FFDA5404297A}.Debug|x64.ActiveCfg = Debug|Any CPU
		{5EBA63D3-F710-4077-BF2A-FFDA5404297A}.Debug|x64.Build.0 = Debug|Any CPU
		{5EBA63D3-F710-4077-BF2A-FFDA5404297A}.Debug|x86.ActiveCfg = Debug|Any CPU
		{5EBA63D3-F710-4077-BF2A-FFDA5404297A}.Debug|x86.Build.0 = Debug|Any CPU
		{5EBA63D3-F710-4077-BF2A-FFDA5404297A}.Release|Any CPU.ActiveCfg = Release|Any CPU
		{5EBA63D3-F710-4077-BF2A-FFDA5404297A}.Release|Any CPU.Build.0 = Release|Any CPU
		{5EBA63D3-F710-4077-BF2A-FFDA5404297A}.Release|x64.ActiveCfg = Release|Any CPU
		{5EBA63D3-F710-4077-BF2A-FFDA5404297A}.Release|x64.Build.0 = Release|Any CPU
		{5EBA63D3-F710-4077-BF2A-FFDA5404297A}.Release|x86.ActiveCfg = Release|Any CPU
		{5EBA63D3-F710-4077-BF2A-FFDA5404297A}.Release|x86.Build.0 = Release|Any CPU
		{4402DFED-8C01-4023-B04A-A829B7F287AE}.Debug|Any CPU.ActiveCfg = Debug|Any CPU
		{4402DFED-8C01-4023-B04A-A829B7F287AE}.Debug|Any CPU.Build.0 = Debug|Any CPU
		{4402DFED-8C01-4023-B04A-A829B7F287AE}.Debug|x64.ActiveCfg = Debug|Any CPU
		{4402DFED-8C01-4023-B04A-A829B7F287AE}.Debug|x64.Build.0 = Debug|Any CPU
		{4402DFED-8C01-4023-B04A-A829B7F287AE}.Debug|x86.ActiveCfg = Debug|Any CPU
		{4402DFED-8C01-4023-B04A-A829B7F287AE}.Debug|x86.Build.0 = Debug|Any CPU
		{4402DFED-8C01-4023-B04A-A829B7F287AE}.Release|Any CPU.ActiveCfg = Release|Any CPU
		{4402DFED-8C01-4023-B04A-A829B7F287AE}.Release|Any CPU.Build.0 = Release|Any CPU
		{4402DFED-8C01-4023-B04A-A829B7F287AE}.Release|x64.ActiveCfg = Release|Any CPU
		{4402DFED-8C01-4023-B04A-A829B7F287AE}.Release|x64.Build.0 = Release|Any CPU
		{4402DFED-8C01-4023-B04A-A829B7F287AE}.Release|x86.ActiveCfg = Release|Any CPU
		{4402DFED-8C01-4023-B04A-A829B7F287AE}.Release|x86.Build.0 = Release|Any CPU
		{67E21945-7166-4FFC-8B31-159A8C4729F3}.Debug|Any CPU.ActiveCfg = Debug|Any CPU
		{67E21945-7166-4FFC-8B31-159A8C4729F3}.Debug|Any CPU.Build.0 = Debug|Any CPU
		{67E21945-7166-4FFC-8B31-159A8C4729F3}.Debug|x64.ActiveCfg = Debug|Any CPU
		{67E21945-7166-4FFC-8B31-159A8C4729F3}.Debug|x64.Build.0 = Debug|Any CPU
		{67E21945-7166-4FFC-8B31-159A8C4729F3}.Debug|x86.ActiveCfg = Debug|Any CPU
		{67E21945-7166-4FFC-8B31-159A8C4729F3}.Debug|x86.Build.0 = Debug|Any CPU
		{67E21945-7166-4FFC-8B31-159A8C4729F3}.Release|Any CPU.ActiveCfg = Release|Any CPU
		{67E21945-7166-4FFC-8B31-159A8C4729F3}.Release|Any CPU.Build.0 = Release|Any CPU
		{67E21945-7166-4FFC-8B31-159A8C4729F3}.Release|x64.ActiveCfg = Release|Any CPU
		{67E21945-7166-4FFC-8B31-159A8C4729F3}.Release|x64.Build.0 = Release|Any CPU
		{67E21945-7166-4FFC-8B31-159A8C4729F3}.Release|x86.ActiveCfg = Release|Any CPU
		{67E21945-7166-4FFC-8B31-159A8C4729F3}.Release|x86.Build.0 = Release|Any CPU
	EndGlobalSection
	GlobalSection(SolutionProperties) = preSolution
		HideSolutionNode = FALSE
	EndGlobalSection
	GlobalSection(NestedProjects) = preSolution
		{1FDFC8B7-D446-458F-AA00-AA4FA1FE4E0D} = {171A5EAC-FE5F-48F9-9FF3-3659848A7DDE}
		{85FD5CCE-B649-4946-8828-3D243E3F4B25} = {171A5EAC-FE5F-48F9-9FF3-3659848A7DDE}
		{6C202969-D423-46ED-B743-0C6283E7151F} = {498DD6AC-B876-4F12-8BA8-D5179AF8DC2D}
		{5EBA63D3-F710-4077-BF2A-FFDA5404297A} = {171A5EAC-FE5F-48F9-9FF3-3659848A7DDE}
		{4402DFED-8C01-4023-B04A-A829B7F287AE} = {171A5EAC-FE5F-48F9-9FF3-3659848A7DDE}
		{67E21945-7166-4FFC-8B31-159A8C4729F3} = {171A5EAC-FE5F-48F9-9FF3-3659848A7DDE}
	EndGlobalSection
	GlobalSection(ExtensibilityGlobals) = postSolution
		SolutionGuid = {10A29E0D-D56D-4E63-A0C3-52E53FF81EED}
	EndGlobalSection
EndGlobal
